// !$*UTF8*$!
{
	archiveVersion = 1;
	classes = {
	};
	objectVersion = 77;
	objects = {

/* Begin PBXBuildFile section */
		688FEFFF2FE2A27100147993 /* MatrixLayout.swift in Sources */ = {isa = PBXBuildFile; fileRef = 688FEFD12FE2A27100147993 /* MatrixLayout.swift */; };
		688FF0002FE2A27100147993 /* UndoToast.swift in Sources */ = {isa = PBXBuildFile; fileRef = 688FEFF42FE2A27100147993 /* UndoToast.swift */; };
		688FF0012FE2A27100147993 /* DocketApp.swift in Sources */ = {isa = PBXBuildFile; fileRef = 688FEFF72FE2A27100147993 /* DocketApp.swift */; };
		688FF0022FE2A27100147993 /* CompletedTasksView.swift in Sources */ = {isa = PBXBuildFile; fileRef = 688FEFE22FE2A27100147993 /* CompletedTasksView.swift */; };
		688FF0032FE2A27100147993 /* OnboardingView.swift in Sources */ = {isa = PBXBuildFile; fileRef = 688FEFE82FE2A27100147993 /* OnboardingView.swift */; };
		688FF0042FE2A27100147993 /* TaskLabel.swift in Sources */ = {isa = PBXBuildFile; fileRef = 688FEFD72FE2A27100147993 /* TaskLabel.swift */; };
		688FF0052FE2A27100147993 /* CalendarPickerView.swift in Sources */ = {isa = PBXBuildFile; fileRef = 688FEFE12FE2A27100147993 /* CalendarPickerView.swift */; };
		688FF0062FE2A27100147993 /* TaskListView.swift in Sources */ = {isa = PBXBuildFile; fileRef = 688FEFF02FE2A27100147993 /* TaskListView.swift */; };
		688FF0072FE2A27100147993 /* DueDateFormatter.swift in Sources */ = {isa = PBXBuildFile; fileRef = 688FEFDC2FE2A27100147993 /* DueDateFormatter.swift */; };
		688FF0082FE2A27100147993 /* TaskDetailView.swift in Sources */ = {isa = PBXBuildFile; fileRef = 688FEFEF2FE2A27100147993 /* TaskDetailView.swift */; };
		688FF0092FE2A27100147993 /* NotificationManager.swift in Sources */ = {isa = PBXBuildFile; fileRef = 688FEFDD2FE2A27100147993 /* NotificationManager.swift */; };
		688FF00A2FE2A27100147993 /* SwipeableTaskRow.swift in Sources */ = {isa = PBXBuildFile; fileRef = 688FEFEE2FE2A27100147993 /* SwipeableTaskRow.swift */; };
		688FF00B2FE2A27100147993 /* AppTheme.swift in Sources */ = {isa = PBXBuildFile; fileRef = 688FEFD02FE2A27100147993 /* AppTheme.swift */; };
		688FF00C2FE2A27100147993 /* Quadrant.swift in Sources */ = {isa = PBXBuildFile; fileRef = 688FEFD22FE2A27100147993 /* Quadrant.swift */; };
		688FF00D2FE2A27100147993 /* TodoItem.swift in Sources */ = {isa = PBXBuildFile; fileRef = 688FEFD92FE2A27100147993 /* TodoItem.swift */; };
		688FF00E2FE2A27100147993 /* Recurrence.swift in Sources */ = {isa = PBXBuildFile; fileRef = 688FEFD32FE2A27100147993 /* Recurrence.swift */; };
		688FF00F2FE2A27100147993 /* SettingsView.swift in Sources */ = {isa = PBXBuildFile; fileRef = 688FEFED2FE2A27100147993 /* SettingsView.swift */; };
		688FF0102FE2A27100147993 /* SortMode.swift in Sources */ = {isa = PBXBuildFile; fileRef = 688FEFD52FE2A27100147993 /* SortMode.swift */; };
		688FF0112FE2A27100147993 /* RecurrencePickerView.swift in Sources */ = {isa = PBXBuildFile; fileRef = 688FEFEB2FE2A27100147993 /* RecurrencePickerView.swift */; };
		688FF0122FE2A27100147993 /* TaskList.swift in Sources */ = {isa = PBXBuildFile; fileRef = 688FEFD82FE2A27100147993 /* TaskList.swift */; };
		688FF0132FE2A27100147993 /* Strings.swift in Sources */ = {isa = PBXBuildFile; fileRef = 688FEFD62FE2A27100147993 /* Strings.swift */; };
		688FF0142FE2A27100147993 /* TimePickerView.swift in Sources */ = {isa = PBXBuildFile; fileRef = 688FEFF32FE2A27100147993 /* TimePickerView.swift */; };
		688FF0152FE2A27100147993 /* RemindersSync.swift in Sources */ = {isa = PBXBuildFile; fileRef = 688FEFDE2FE2A27100147993 /* RemindersSync.swift */; };
		688FF0162FE2A27100147993 /* DateParser.swift in Sources */ = {isa = PBXBuildFile; fileRef = 688FEFDB2FE2A27100147993 /* DateParser.swift */; };
		688FF0172FE2A27100147993 /* QuadrantPickerView.swift in Sources */ = {isa = PBXBuildFile; fileRef = 688FEFEA2FE2A27100147993 /* QuadrantPickerView.swift */; };
		688FF0182FE2A27100147993 /* VScroll.swift in Sources */ = {isa = PBXBuildFile; fileRef = 688FEFF52FE2A27100147993 /* VScroll.swift */; };
		688FF0192FE2A27100147993 /* ReminderPickerView.swift in Sources */ = {isa = PBXBuildFile; fileRef = 688FEFEC2FE2A27100147993 /* ReminderPickerView.swift */; };
		688FF01A2FE2A27100147993 /* ThemedToggle.swift in Sources */ = {isa = PBXBuildFile; fileRef = 688FEFF22FE2A27100147993 /* ThemedToggle.swift */; };
		688FF01B2FE2A27100147993 /* CreateTaskView.swift in Sources */ = {isa = PBXBuildFile; fileRef = 688FEFE52FE2A27100147993 /* CreateTaskView.swift */; };
		688FF01C2FE2A27100147993 /* ConfettiView.swift in Sources */ = {isa = PBXBuildFile; fileRef = 688FEFE32FE2A27100147993 /* ConfettiView.swift */; };
		688FF01D2FE2A27100147993 /* TaskRowView.swift in Sources */ = {isa = PBXBuildFile; fileRef = 688FEFF12FE2A27100147993 /* TaskRowView.swift */; };
		688FF01E2FE2A27100147993 /* PriorityPickerView.swift in Sources */ = {isa = PBXBuildFile; fileRef = 688FEFE92FE2A27100147993 /* PriorityPickerView.swift */; };
		688FF01F2FE2A27100147993 /* MatrixView.swift in Sources */ = {isa = PBXBuildFile; fileRef = 688FEFE72FE2A27100147993 /* MatrixView.swift */; };
		688FF0202FE2A27100147993 /* LabelPickerView.swift in Sources */ = {isa = PBXBuildFile; fileRef = 688FEFE62FE2A27100147993 /* LabelPickerView.swift */; };
		688FF0212FE2A27100147993 /* ReminderOffset.swift in Sources */ = {isa = PBXBuildFile; fileRef = 688FEFD42FE2A27100147993 /* ReminderOffset.swift */; };
		688FF0222FE2A27100147993 /* ContentView.swift in Sources */ = {isa = PBXBuildFile; fileRef = 688FEFE42FE2A27100147993 /* ContentView.swift */; };
		688FF0232FE2A27100147993 /* Store.swift in Sources */ = {isa = PBXBuildFile; fileRef = 688FEFDF2FE2A27100147993 /* Store.swift */; };
		688FF0242FE2A27100147993 /* Localizable.strings in Resources */ = {isa = PBXBuildFile; fileRef = 688FEFFB2FE2A27100147993 /* Localizable.strings */; };
		688FF0252FE2A27100147993 /* menubar-icon@2x.png in Resources */ = {isa = PBXBuildFile; fileRef = 688FEFFD2FE2A27100147993 /* menubar-icon@2x.png */; };
		688FF0262FE2A27100147993 /* menubar-icon.png in Resources */ = {isa = PBXBuildFile; fileRef = 688FEFFC2FE2A27100147993 /* menubar-icon.png */; };
		688FF0272FE2A27100147993 /* PolarisAB.icon in Resources */ = {isa = PBXBuildFile; fileRef = AA0000000000000000000010 /* PolarisAB.icon */; };
		688FF0292FE2A27100147993 /* TipJar.swift in Sources */ = {isa = PBXBuildFile; fileRef = 688FF02A2FE2A27100147993 /* TipJar.swift */; };
		688FF02B2FE2A27100147993 /* TipJarView.swift in Sources */ = {isa = PBXBuildFile; fileRef = 688FF02C2FE2A27100147993 /* TipJarView.swift */; };
		688FF02D2FE2A27100147993 /* ColorPalette.swift in Sources */ = {isa = PBXBuildFile; fileRef = 688FF02E2FE2A27100147993 /* ColorPalette.swift */; };
		688FF02F2FE2A27100147993 /* IconPalette.swift in Sources */ = {isa = PBXBuildFile; fileRef = 688FF0302FE2A27100147993 /* IconPalette.swift */; };
		688FF0312FE2A27100147993 /* ColorPickerGrid.swift in Sources */ = {isa = PBXBuildFile; fileRef = 688FF0322FE2A27100147993 /* ColorPickerGrid.swift */; };
		688FF0332FE2A27100147993 /* IconPickerGrid.swift in Sources */ = {isa = PBXBuildFile; fileRef = 688FF0342FE2A27100147993 /* IconPickerGrid.swift */; };
		688FF0352FE2A27100147993 /* RowActionButton.swift in Sources */ = {isa = PBXBuildFile; fileRef = 688FF0362FE2A27100147993 /* RowActionButton.swift */; };
		688FF0372FE2A27100147993 /* ColorSwatchButton.swift in Sources */ = {isa = PBXBuildFile; fileRef = 688FF0382FE2A27100147993 /* ColorSwatchButton.swift */; };
		688FF0392FE2A27100147993 /* PressableScaleStyle.swift in Sources */ = {isa = PBXBuildFile; fileRef = 688FF03A2FE2A27100147993 /* PressableScaleStyle.swift */; };
		688FF03B2FE2A27100147993 /* IconPickerButton.swift in Sources */ = {isa = PBXBuildFile; fileRef = 688FF03C2FE2A27100147993 /* IconPickerButton.swift */; };
		688FF03D2FE2A27100147993 /* HotkeyMapping.swift in Sources */ = {isa = PBXBuildFile; fileRef = 688FF03E2FE2A27100147993 /* HotkeyMapping.swift */; };
		68E978132FE9DCDF002CA246 /* Docket.storekit in Resources */ = {isa = PBXBuildFile; fileRef = 68E978122FE9DCDF002CA246 /* Docket.storekit */; };
		AB0000000000000000000000 /* GoalPeriod.swift in Sources */ = {isa = PBXBuildFile; fileRef = AA0000000000000000000000 /* GoalPeriod.swift */; };
		AB0000000000000000000015 /* NavDestination.swift in Sources */ = {isa = PBXBuildFile; fileRef = AA0000000000000000000015 /* NavDestination.swift */; };
		AB0000000000000000000001 /* GoalBoardRules.swift in Sources */ = {isa = PBXBuildFile; fileRef = AA0000000000000000000001 /* GoalBoardRules.swift */; };
		AB0000000000000000000002 /* PolarisSymbol.swift in Sources */ = {isa = PBXBuildFile; fileRef = AA0000000000000000000002 /* PolarisSymbol.swift */; };
		AB0000000000000000000003 /* GoalEditorView.swift in Sources */ = {isa = PBXBuildFile; fileRef = AA0000000000000000000003 /* GoalEditorView.swift */; };
		AB0000000000000000000004 /* GoalScheduleView.swift in Sources */ = {isa = PBXBuildFile; fileRef = AA0000000000000000000004 /* GoalScheduleView.swift */; };
		AB000000000000000000000A /* PolarisAppearance.swift in Sources */ = {isa = PBXBuildFile; fileRef = AA000000000000000000000A /* PolarisAppearance.swift */; };
		AB000000000000000000000B /* GoalDateParser.swift in Sources */ = {isa = PBXBuildFile; fileRef = AA000000000000000000000B /* GoalDateParser.swift */; };
		AB000000000000000000000C /* PolarisSearchField.swift in Sources */ = {isa = PBXBuildFile; fileRef = AA000000000000000000000C /* PolarisSearchField.swift */; };
		AB000000000000000000000D /* PolarisSettingsView.swift in Sources */ = {isa = PBXBuildFile; fileRef = AA000000000000000000000D /* PolarisSettingsView.swift */; };
		AB000000000000000000000E /* PolarisLogo.png in Resources */ = {isa = PBXBuildFile; fileRef = AA000000000000000000000E /* PolarisLogo.png */; };
		AB000000000000000000000F /* GoalImportPlan.swift in Sources */ = {isa = PBXBuildFile; fileRef = AA000000000000000000000F /* GoalImportPlan.swift */; };
		AB0000000000000000000011 /* GoalEditorControls.swift in Sources */ = {isa = PBXBuildFile; fileRef = AA0000000000000000000011 /* GoalEditorControls.swift */; };
		AB0000000000000000000012 /* GoalChecklistView.swift in Sources */ = {isa = PBXBuildFile; fileRef = AA0000000000000000000012 /* GoalChecklistView.swift */; };
		AB0000000000000000000013 /* GoalEditorOptionsView.swift in Sources */ = {isa = PBXBuildFile; fileRef = AA0000000000000000000013 /* GoalEditorOptionsView.swift */; };
		AB0000000000000000000014 /* ShortcutRecorderView.swift in Sources */ = {isa = PBXBuildFile; fileRef = AA0000000000000000000014 /* ShortcutRecorderView.swift */; };
		CD000000000000000000001F /* PolarisChrome.swift in Sources */ = {isa = PBXBuildFile; fileRef = CC000000000000000000001F /* PolarisChrome.swift */; };
		CD0000000000000000000020 /* PolarisActivityView.swift in Sources */ = {isa = PBXBuildFile; fileRef = CC0000000000000000000020 /* PolarisActivityView.swift */; };
		CD0000000000000000000021 /* PolarisMenuActivity.swift in Sources */ = {isa = PBXBuildFile; fileRef = CC0000000000000000000021 /* PolarisMenuActivity.swift */; };
/* End PBXBuildFile section */

/* Begin PBXFileReference section */
		688FEFC22FE2A24200147993 /* Polaris.app */ = {isa = PBXFileReference; explicitFileType = wrapper.application; includeInIndex = 0; path = Polaris.app; sourceTree = BUILT_PRODUCTS_DIR; };
		688FEFD02FE2A27100147993 /* AppTheme.swift */ = {isa = PBXFileReference; lastKnownFileType = sourcecode.swift; path = AppTheme.swift; sourceTree = "<group>"; };
		688FEFD12FE2A27100147993 /* MatrixLayout.swift */ = {isa = PBXFileReference; lastKnownFileType = sourcecode.swift; path = MatrixLayout.swift; sourceTree = "<group>"; };
		688FEFD22FE2A27100147993 /* Quadrant.swift */ = {isa = PBXFileReference; lastKnownFileType = sourcecode.swift; path = Quadrant.swift; sourceTree = "<group>"; };
		688FEFD32FE2A27100147993 /* Recurrence.swift */ = {isa = PBXFileReference; lastKnownFileType = sourcecode.swift; path = Recurrence.swift; sourceTree = "<group>"; };
		688FEFD42FE2A27100147993 /* ReminderOffset.swift */ = {isa = PBXFileReference; lastKnownFileType = sourcecode.swift; path = ReminderOffset.swift; sourceTree = "<group>"; };
		688FEFD52FE2A27100147993 /* SortMode.swift */ = {isa = PBXFileReference; lastKnownFileType = sourcecode.swift; path = SortMode.swift; sourceTree = "<group>"; };
		688FEFD62FE2A27100147993 /* Strings.swift */ = {isa = PBXFileReference; lastKnownFileType = sourcecode.swift; path = Strings.swift; sourceTree = "<group>"; };
		688FEFD72FE2A27100147993 /* TaskLabel.swift */ = {isa = PBXFileReference; lastKnownFileType = sourcecode.swift; path = TaskLabel.swift; sourceTree = "<group>"; };
		688FEFD82FE2A27100147993 /* TaskList.swift */ = {isa = PBXFileReference; lastKnownFileType = sourcecode.swift; path = TaskList.swift; sourceTree = "<group>"; };
		688FEFD92FE2A27100147993 /* TodoItem.swift */ = {isa = PBXFileReference; lastKnownFileType = sourcecode.swift; path = TodoItem.swift; sourceTree = "<group>"; };
		688FEFDB2FE2A27100147993 /* DateParser.swift */ = {isa = PBXFileReference; lastKnownFileType = sourcecode.swift; path = DateParser.swift; sourceTree = "<group>"; };
		688FEFDC2FE2A27100147993 /* DueDateFormatter.swift */ = {isa = PBXFileReference; lastKnownFileType = sourcecode.swift; path = DueDateFormatter.swift; sourceTree = "<group>"; };
		688FEFDD2FE2A27100147993 /* NotificationManager.swift */ = {isa = PBXFileReference; lastKnownFileType = sourcecode.swift; path = NotificationManager.swift; sourceTree = "<group>"; };
		688FEFDE2FE2A27100147993 /* RemindersSync.swift */ = {isa = PBXFileReference; lastKnownFileType = sourcecode.swift; path = RemindersSync.swift; sourceTree = "<group>"; };
		688FEFDF2FE2A27100147993 /* Store.swift */ = {isa = PBXFileReference; lastKnownFileType = sourcecode.swift; path = Store.swift; sourceTree = "<group>"; };
		688FEFE12FE2A27100147993 /* CalendarPickerView.swift */ = {isa = PBXFileReference; lastKnownFileType = sourcecode.swift; path = CalendarPickerView.swift; sourceTree = "<group>"; };
		688FEFE22FE2A27100147993 /* CompletedTasksView.swift */ = {isa = PBXFileReference; lastKnownFileType = sourcecode.swift; path = CompletedTasksView.swift; sourceTree = "<group>"; };
		688FEFE32FE2A27100147993 /* ConfettiView.swift */ = {isa = PBXFileReference; lastKnownFileType = sourcecode.swift; path = ConfettiView.swift; sourceTree = "<group>"; };
		688FEFE42FE2A27100147993 /* ContentView.swift */ = {isa = PBXFileReference; lastKnownFileType = sourcecode.swift; path = ContentView.swift; sourceTree = "<group>"; };
		688FEFE52FE2A27100147993 /* CreateTaskView.swift */ = {isa = PBXFileReference; lastKnownFileType = sourcecode.swift; path = CreateTaskView.swift; sourceTree = "<group>"; };
		688FEFE62FE2A27100147993 /* LabelPickerView.swift */ = {isa = PBXFileReference; lastKnownFileType = sourcecode.swift; path = LabelPickerView.swift; sourceTree = "<group>"; };
		688FEFE72FE2A27100147993 /* MatrixView.swift */ = {isa = PBXFileReference; lastKnownFileType = sourcecode.swift; path = MatrixView.swift; sourceTree = "<group>"; };
		688FEFE82FE2A27100147993 /* OnboardingView.swift */ = {isa = PBXFileReference; lastKnownFileType = sourcecode.swift; path = OnboardingView.swift; sourceTree = "<group>"; };
		688FEFE92FE2A27100147993 /* PriorityPickerView.swift */ = {isa = PBXFileReference; lastKnownFileType = sourcecode.swift; path = PriorityPickerView.swift; sourceTree = "<group>"; };
		688FEFEA2FE2A27100147993 /* QuadrantPickerView.swift */ = {isa = PBXFileReference; lastKnownFileType = sourcecode.swift; path = QuadrantPickerView.swift; sourceTree = "<group>"; };
		688FEFEB2FE2A27100147993 /* RecurrencePickerView.swift */ = {isa = PBXFileReference; lastKnownFileType = sourcecode.swift; path = RecurrencePickerView.swift; sourceTree = "<group>"; };
		688FEFEC2FE2A27100147993 /* ReminderPickerView.swift */ = {isa = PBXFileReference; lastKnownFileType = sourcecode.swift; path = ReminderPickerView.swift; sourceTree = "<group>"; };
		688FEFED2FE2A27100147993 /* SettingsView.swift */ = {isa = PBXFileReference; lastKnownFileType = sourcecode.swift; path = SettingsView.swift; sourceTree = "<group>"; };
		688FEFEE2FE2A27100147993 /* SwipeableTaskRow.swift */ = {isa = PBXFileReference; lastKnownFileType = sourcecode.swift; path = SwipeableTaskRow.swift; sourceTree = "<group>"; };
		688FEFEF2FE2A27100147993 /* TaskDetailView.swift */ = {isa = PBXFileReference; lastKnownFileType = sourcecode.swift; path = TaskDetailView.swift; sourceTree = "<group>"; };
		688FEFF02FE2A27100147993 /* TaskListView.swift */ = {isa = PBXFileReference; lastKnownFileType = sourcecode.swift; path = TaskListView.swift; sourceTree = "<group>"; };
		688FEFF12FE2A27100147993 /* TaskRowView.swift */ = {isa = PBXFileReference; lastKnownFileType = sourcecode.swift; path = TaskRowView.swift; sourceTree = "<group>"; };
		688FEFF22FE2A27100147993 /* ThemedToggle.swift */ = {isa = PBXFileReference; lastKnownFileType = sourcecode.swift; path = ThemedToggle.swift; sourceTree = "<group>"; };
		688FEFF32FE2A27100147993 /* TimePickerView.swift */ = {isa = PBXFileReference; lastKnownFileType = sourcecode.swift; path = TimePickerView.swift; sourceTree = "<group>"; };
		688FEFF42FE2A27100147993 /* UndoToast.swift */ = {isa = PBXFileReference; lastKnownFileType = sourcecode.swift; path = UndoToast.swift; sourceTree = "<group>"; };
		688FEFF52FE2A27100147993 /* VScroll.swift */ = {isa = PBXFileReference; lastKnownFileType = sourcecode.swift; path = VScroll.swift; sourceTree = "<group>"; };
		688FEFF72FE2A27100147993 /* DocketApp.swift */ = {isa = PBXFileReference; lastKnownFileType = sourcecode.swift; path = DocketApp.swift; sourceTree = "<group>"; };
		688FEFF82FE2A27100147993 /* icon.icns */ = {isa = PBXFileReference; lastKnownFileType = image.icns; path = icon.icns; sourceTree = "<group>"; };
		688FEFF92FE2A27100147993 /* en */ = {isa = PBXFileReference; lastKnownFileType = text.plist.strings; name = en; path = en.lproj/Localizable.strings; sourceTree = "<group>"; };
		688FEFFA2FE2A27100147993 /* it */ = {isa = PBXFileReference; lastKnownFileType = text.plist.strings; name = it; path = it.lproj/Localizable.strings; sourceTree = "<group>"; };
		688FEFFC2FE2A27100147993 /* menubar-icon.png */ = {isa = PBXFileReference; lastKnownFileType = image.png; path = "menubar-icon.png"; sourceTree = "<group>"; };
		688FEFFD2FE2A27100147993 /* menubar-icon@2x.png */ = {isa = PBXFileReference; lastKnownFileType = image.png; path = "menubar-icon@2x.png"; sourceTree = "<group>"; };
		688FF0282FE2A27100147993 /* Docket.entitlements */ = {isa = PBXFileReference; lastKnownFileType = text.plist.entitlements; path = Docket.entitlements; sourceTree = "<group>"; };
		688FF02A2FE2A27100147993 /* TipJar.swift */ = {isa = PBXFileReference; lastKnownFileType = sourcecode.swift; path = TipJar.swift; sourceTree = "<group>"; };
		688FF02C2FE2A27100147993 /* TipJarView.swift */ = {isa = PBXFileReference; lastKnownFileType = sourcecode.swift; path = TipJarView.swift; sourceTree = "<group>"; };
		688FF02E2FE2A27100147993 /* ColorPalette.swift */ = {isa = PBXFileReference; lastKnownFileType = sourcecode.swift; path = ColorPalette.swift; sourceTree = "<group>"; };
		688FF0302FE2A27100147993 /* IconPalette.swift */ = {isa = PBXFileReference; lastKnownFileType = sourcecode.swift; path = IconPalette.swift; sourceTree = "<group>"; };
		688FF0322FE2A27100147993 /* ColorPickerGrid.swift */ = {isa = PBXFileReference; lastKnownFileType = sourcecode.swift; path = ColorPickerGrid.swift; sourceTree = "<group>"; };
		688FF0342FE2A27100147993 /* IconPickerGrid.swift */ = {isa = PBXFileReference; lastKnownFileType = sourcecode.swift; path = IconPickerGrid.swift; sourceTree = "<group>"; };
		688FF0362FE2A27100147993 /* RowActionButton.swift */ = {isa = PBXFileReference; lastKnownFileType = sourcecode.swift; path = RowActionButton.swift; sourceTree = "<group>"; };
		688FF0382FE2A27100147993 /* ColorSwatchButton.swift */ = {isa = PBXFileReference; lastKnownFileType = sourcecode.swift; path = ColorSwatchButton.swift; sourceTree = "<group>"; };
		688FF03A2FE2A27100147993 /* PressableScaleStyle.swift */ = {isa = PBXFileReference; lastKnownFileType = sourcecode.swift; path = PressableScaleStyle.swift; sourceTree = "<group>"; };
		688FF03C2FE2A27100147993 /* IconPickerButton.swift */ = {isa = PBXFileReference; lastKnownFileType = sourcecode.swift; path = IconPickerButton.swift; sourceTree = "<group>"; };
		688FF03E2FE2A27100147993 /* HotkeyMapping.swift */ = {isa = PBXFileReference; lastKnownFileType = sourcecode.swift; path = HotkeyMapping.swift; sourceTree = "<group>"; };
		68E978122FE9DCDF002CA246 /* Docket.storekit */ = {isa = PBXFileReference; lastKnownFileType = text; path = Docket.storekit; sourceTree = "<group>"; };
		AA0000000000000000000000 /* GoalPeriod.swift */ = {isa = PBXFileReference; lastKnownFileType = sourcecode.swift; path = GoalPeriod.swift; sourceTree = "<group>"; };
		AA0000000000000000000015 /* NavDestination.swift */ = {isa = PBXFileReference; lastKnownFileType = sourcecode.swift; path = NavDestination.swift; sourceTree = "<group>"; };
		AA0000000000000000000001 /* GoalBoardRules.swift */ = {isa = PBXFileReference; lastKnownFileType = sourcecode.swift; path = GoalBoardRules.swift; sourceTree = "<group>"; };
		AA0000000000000000000002 /* PolarisSymbol.swift */ = {isa = PBXFileReference; lastKnownFileType = sourcecode.swift; path = PolarisSymbol.swift; sourceTree = "<group>"; };
		AA0000000000000000000003 /* GoalEditorView.swift */ = {isa = PBXFileReference; lastKnownFileType = sourcecode.swift; path = GoalEditorView.swift; sourceTree = "<group>"; };
		AA0000000000000000000004 /* GoalScheduleView.swift */ = {isa = PBXFileReference; lastKnownFileType = sourcecode.swift; path = GoalScheduleView.swift; sourceTree = "<group>"; };
		AC0000000000000000000001 /* zh-Hans */ = {isa = PBXFileReference; lastKnownFileType = text.plist.strings; name = "zh-Hans"; path = "zh-Hans.lproj/Localizable.strings"; sourceTree = "<group>"; };
		AA000000000000000000000A /* PolarisAppearance.swift */ = {isa = PBXFileReference; lastKnownFileType = sourcecode.swift; path = PolarisAppearance.swift; sourceTree = "<group>"; };
		AA000000000000000000000B /* GoalDateParser.swift */ = {isa = PBXFileReference; lastKnownFileType = sourcecode.swift; path = GoalDateParser.swift; sourceTree = "<group>"; };
		AA000000000000000000000C /* PolarisSearchField.swift */ = {isa = PBXFileReference; lastKnownFileType = sourcecode.swift; path = PolarisSearchField.swift; sourceTree = "<group>"; };
		AA000000000000000000000D /* PolarisSettingsView.swift */ = {isa = PBXFileReference; lastKnownFileType = sourcecode.swift; path = PolarisSettingsView.swift; sourceTree = "<group>"; };
		AA000000000000000000000E /* PolarisLogo.png */ = {isa = PBXFileReference; lastKnownFileType = image.png; path = PolarisLogo.png; sourceTree = "<group>"; };
		AA000000000000000000000F /* GoalImportPlan.swift */ = {isa = PBXFileReference; lastKnownFileType = sourcecode.swift; path = GoalImportPlan.swift; sourceTree = "<group>"; };
		AA0000000000000000000010 /* PolarisAB.icon */ = {isa = PBXFileReference; lastKnownFileType = folder.iconcomposer.icon; path = PolarisAB.icon; sourceTree = "<group>"; };
		AA0000000000000000000011 /* GoalEditorControls.swift */ = {isa = PBXFileReference; lastKnownFileType = sourcecode.swift; path = GoalEditorControls.swift; sourceTree = "<group>"; };
		AA0000000000000000000012 /* GoalChecklistView.swift */ = {isa = PBXFileReference; lastKnownFileType = sourcecode.swift; path = GoalChecklistView.swift; sourceTree = "<group>"; };
		AA0000000000000000000013 /* GoalEditorOptionsView.swift */ = {isa = PBXFileReference; lastKnownFileType = sourcecode.swift; path = GoalEditorOptionsView.swift; sourceTree = "<group>"; };
		AA0000000000000000000014 /* ShortcutRecorderView.swift */ = {isa = PBXFileReference; lastKnownFileType = sourcecode.swift; path = ShortcutRecorderView.swift; sourceTree = "<group>"; };
		CC000000000000000000001F /* PolarisChrome.swift */ = {isa = PBXFileReference; lastKnownFileType = sourcecode.swift; path = PolarisChrome.swift; sourceTree = "<group>"; };
		CC0000000000000000000020 /* PolarisActivityView.swift */ = {isa = PBXFileReference; lastKnownFileType = sourcecode.swift; path = PolarisActivityView.swift; sourceTree = "<group>"; };
		CC0000000000000000000021 /* PolarisMenuActivity.swift */ = {isa = PBXFileReference; lastKnownFileType = sourcecode.swift; path = PolarisMenuActivity.swift; sourceTree = "<group>"; };
/* End PBXFileReference section */

/* Begin PBXFrameworksBuildPhase section */
		688FEFBF2FE2A24200147993 /* Frameworks */ = {
			isa = PBXFrameworksBuildPhase;
			buildActionMask = 2147483647;
			files = (
			);
			runOnlyForDeploymentPostprocessing = 0;
		};
/* End PBXFrameworksBuildPhase section */

/* Begin PBXGroup section */
		688FEFB92FE2A24200147993 = {
			isa = PBXGroup;
			children = (
				68E978122FE9DCDF002CA246 /* Docket.storekit */,
				688FEFFE2FE2A27100147993 /* Docket */,
				688FEFC32FE2A24200147993 /* Products */,
			);
			sourceTree = "<group>";
		};
		688FEFC32FE2A24200147993 /* Products */ = {
			isa = PBXGroup;
			children = (
				688FEFC22FE2A24200147993 /* Polaris.app */,
			);
			name = Products;
			sourceTree = "<group>";
		};
		688FEFDA2FE2A27100147993 /* Models */ = {
			isa = PBXGroup;
			children = (
				AA000000000000000000000A /* PolarisAppearance.swift */,
				AA0000000000000000000000 /* GoalPeriod.swift */,
				AA0000000000000000000015 /* NavDestination.swift */,
				688FEFD02FE2A27100147993 /* AppTheme.swift */,
				688FF03E2FE2A27100147993 /* HotkeyMapping.swift */,
				688FF02E2FE2A27100147993 /* ColorPalette.swift */,
				688FF0302FE2A27100147993 /* IconPalette.swift */,
				688FEFD12FE2A27100147993 /* MatrixLayout.swift */,
				688FEFD22FE2A27100147993 /* Quadrant.swift */,
				688FEFD32FE2A27100147993 /* Recurrence.swift */,
				688FEFD42FE2A27100147993 /* ReminderOffset.swift */,
				688FEFD52FE2A27100147993 /* SortMode.swift */,
				688FEFD62FE2A27100147993 /* Strings.swift */,
				688FEFD72FE2A27100147993 /* TaskLabel.swift */,
				688FEFD82FE2A27100147993 /* TaskList.swift */,
				688FEFD92FE2A27100147993 /* TodoItem.swift */,
			);
			path = Models;
			sourceTree = "<group>";
		};
		688FEFE02FE2A27100147993 /* Services */ = {
			isa = PBXGroup;
			children = (
				AA000000000000000000000F /* GoalImportPlan.swift */,
				AA000000000000000000000B /* GoalDateParser.swift */,
				AA0000000000000000000002 /* PolarisSymbol.swift */,
				CC0000000000000000000021 /* PolarisMenuActivity.swift */,
				AA0000000000000000000001 /* GoalBoardRules.swift */,
				688FEFDB2FE2A27100147993 /* DateParser.swift */,
				688FEFDC2FE2A27100147993 /* DueDateFormatter.swift */,
				688FEFDD2FE2A27100147993 /* NotificationManager.swift */,
				688FEFDE2FE2A27100147993 /* RemindersSync.swift */,
				688FEFDF2FE2A27100147993 /* Store.swift */,
				688FF02A2FE2A27100147993 /* TipJar.swift */,
			);
			path = Services;
			sourceTree = "<group>";
		};
		688FEFF62FE2A27100147993 /* Views */ = {
			isa = PBXGroup;
			children = (
				AA000000000000000000000D /* PolarisSettingsView.swift */,
				AA000000000000000000000C /* PolarisSearchField.swift */,
				AA0000000000000000000004 /* GoalScheduleView.swift */,
				AA0000000000000000000003 /* GoalEditorView.swift */,
				AA0000000000000000000014 /* ShortcutRecorderView.swift */,
				AA0000000000000000000013 /* GoalEditorOptionsView.swift */,
				AA0000000000000000000012 /* GoalChecklistView.swift */,
				CC0000000000000000000020 /* PolarisActivityView.swift */,
				CC000000000000000000001F /* PolarisChrome.swift */,
				AA0000000000000000000011 /* GoalEditorControls.swift */,
				688FEFE12FE2A27100147993 /* CalendarPickerView.swift */,
				688FF0322FE2A27100147993 /* ColorPickerGrid.swift */,
				688FF0382FE2A27100147993 /* ColorSwatchButton.swift */,
				688FEFE22FE2A27100147993 /* CompletedTasksView.swift */,
				688FEFE32FE2A27100147993 /* ConfettiView.swift */,
				688FEFE42FE2A27100147993 /* ContentView.swift */,
				688FEFE52FE2A27100147993 /* CreateTaskView.swift */,
				688FF0342FE2A27100147993 /* IconPickerGrid.swift */,
				688FF03C2FE2A27100147993 /* IconPickerButton.swift */,
				688FEFE62FE2A27100147993 /* LabelPickerView.swift */,
				688FEFE72FE2A27100147993 /* MatrixView.swift */,
				688FEFE82FE2A27100147993 /* OnboardingView.swift */,
				688FEFE92FE2A27100147993 /* PriorityPickerView.swift */,
				688FF03A2FE2A27100147993 /* PressableScaleStyle.swift */,
				688FEFEA2FE2A27100147993 /* QuadrantPickerView.swift */,
				688FEFEB2FE2A27100147993 /* RecurrencePickerView.swift */,
				688FEFEC2FE2A27100147993 /* ReminderPickerView.swift */,
				688FF0362FE2A27100147993 /* RowActionButton.swift */,
				688FEFED2FE2A27100147993 /* SettingsView.swift */,
				688FEFEE2FE2A27100147993 /* SwipeableTaskRow.swift */,
				688FEFEF2FE2A27100147993 /* TaskDetailView.swift */,
				688FEFF02FE2A27100147993 /* TaskListView.swift */,
				688FEFF12FE2A27100147993 /* TaskRowView.swift */,
				688FEFF22FE2A27100147993 /* ThemedToggle.swift */,
				688FEFF32FE2A27100147993 /* TimePickerView.swift */,
				688FF02C2FE2A27100147993 /* TipJarView.swift */,
				688FEFF42FE2A27100147993 /* UndoToast.swift */,
				688FEFF52FE2A27100147993 /* VScroll.swift */,
			);
			path = Views;
			sourceTree = "<group>";
		};
		688FEFFE2FE2A27100147993 /* Docket */ = {
			isa = PBXGroup;
			children = (
				688FF0282FE2A27100147993 /* Docket.entitlements */,
				688FEFDA2FE2A27100147993 /* Models */,
				688FEFE02FE2A27100147993 /* Services */,
				688FEFF62FE2A27100147993 /* Views */,
				688FEFF72FE2A27100147993 /* DocketApp.swift */,
				AA0000000000000000000010 /* PolarisAB.icon */,
				AA000000000000000000000E /* PolarisLogo.png */,
				688FEFF82FE2A27100147993 /* icon.icns */,
				688FEFFB2FE2A27100147993 /* Localizable.strings */,
				688FEFFC2FE2A27100147993 /* menubar-icon.png */,
				688FEFFD2FE2A27100147993 /* menubar-icon@2x.png */,
			);
			path = Docket;
			sourceTree = "<group>";
		};
/* End PBXGroup section */

/* Begin PBXNativeTarget section */
		688FEFC12FE2A24200147993 /* Docket */ = {
			isa = PBXNativeTarget;
			buildConfigurationList = 688FEFCD2FE2A24400147993 /* Build configuration list for PBXNativeTarget "Docket" */;
			buildPhases = (
				688FEFBE2FE2A24200147993 /* Sources */,
				688FEFBF2FE2A24200147993 /* Frameworks */,
				688FEFC02FE2A24200147993 /* Resources */,
			);
			buildRules = (
			);
			dependencies = (
			);
			name = Docket;
			packageProductDependencies = (
			);
			productName = Docket;
			productReference = 688FEFC22FE2A24200147993 /* Polaris.app */;
			productType = "com.apple.product-type.application";
		};
/* End PBXNativeTarget section */

/* Begin PBXProject section */
		688FEFBA2FE2A24200147993 /* Project object */ = {
			isa = PBXProject;
			attributes = {
				BuildIndependentTargetsInParallel = 1;
				LastSwiftUpdateCheck = 2650;
				LastUpgradeCheck = 2650;
				TargetAttributes = {
					688FEFC12FE2A24200147993 = {
						CreatedOnToolsVersion = 26.5;
					};
				};
			};
			buildConfigurationList = 688FEFBD2FE2A24200147993 /* Build configuration list for PBXProject "Docket" */;
			developmentRegion = "zh-Hans";
			hasScannedForEncodings = 0;
			knownRegions = (
				en,
				Base,
				it,
				"zh-Hans",
			);
			mainGroup = 688FEFB92FE2A24200147993;
			minimizedProjectReferenceProxies = 1;
			preferredProjectObjectVersion = 77;
			productRefGroup = 688FEFC32FE2A24200147993 /* Products */;
			projectDirPath = "";
			projectRoot = "";
			targets = (
				688FEFC12FE2A24200147993 /* Docket */,
			);
		};
/* End PBXProject section */

/* Begin PBXResourcesBuildPhase section */
		688FEFC02FE2A24200147993 /* Resources */ = {
			isa = PBXResourcesBuildPhase;
			buildActionMask = 2147483647;
			files = (
				688FF0242FE2A27100147993 /* Localizable.strings in Resources */,
				688FF0252FE2A27100147993 /* menubar-icon@2x.png in Resources */,
				688FF0262FE2A27100147993 /* menubar-icon.png in Resources */,
				68E978132FE9DCDF002CA246 /* Docket.storekit in Resources */,
				AB000000000000000000000E /* PolarisLogo.png in Resources */,
				688FF0272FE2A27100147993 /* PolarisAB.icon in Resources */,
			);
			runOnlyForDeploymentPostprocessing = 0;
		};
/* End PBXResourcesBuildPhase section */

/* Begin PBXSourcesBuildPhase section */
		688FEFBE2FE2A24200147993 /* Sources */ = {
			isa = PBXSourcesBuildPhase;
			buildActionMask = 2147483647;
			files = (
				AB000000000000000000000D /* PolarisSettingsView.swift in Sources */,
				AB000000000000000000000C /* PolarisSearchField.swift in Sources */,
				AB000000000000000000000F /* GoalImportPlan.swift in Sources */,
				AB000000000000000000000B /* GoalDateParser.swift in Sources */,
				AB000000000000000000000A /* PolarisAppearance.swift in Sources */,
				AB0000000000000000000004 /* GoalScheduleView.swift in Sources */,
				AB0000000000000000000003 /* GoalEditorView.swift in Sources */,
				AB0000000000000000000014 /* ShortcutRecorderView.swift in Sources */,
				AB0000000000000000000013 /* GoalEditorOptionsView.swift in Sources */,
				AB0000000000000000000012 /* GoalChecklistView.swift in Sources */,
				CD0000000000000000000021 /* PolarisMenuActivity.swift in Sources */,
				CD0000000000000000000020 /* PolarisActivityView.swift in Sources */,
				CD000000000000000000001F /* PolarisChrome.swift in Sources */,
				AB0000000000000000000011 /* GoalEditorControls.swift in Sources */,
				AB0000000000000000000002 /* PolarisSymbol.swift in Sources */,
				AB0000000000000000000001 /* GoalBoardRules.swift in Sources */,
				AB0000000000000000000000 /* GoalPeriod.swift in Sources */,
				AB0000000000000000000015 /* NavDestination.swift in Sources */,
				688FEFFF2FE2A27100147993 /* MatrixLayout.swift in Sources */,
				688FF0002FE2A27100147993 /* UndoToast.swift in Sources */,
				688FF0012FE2A27100147993 /* DocketApp.swift in Sources */,
				688FF0022FE2A27100147993 /* CompletedTasksView.swift in Sources */,
				688FF0032FE2A27100147993 /* OnboardingView.swift in Sources */,
				688FF0042FE2A27100147993 /* TaskLabel.swift in Sources */,
				688FF0052FE2A27100147993 /* CalendarPickerView.swift in Sources */,
				688FF0062FE2A27100147993 /* TaskListView.swift in Sources */,
				688FF0072FE2A27100147993 /* DueDateFormatter.swift in Sources */,
				688FF0082FE2A27100147993 /* TaskDetailView.swift in Sources */,
				688FF0092FE2A27100147993 /* NotificationManager.swift in Sources */,
				688FF00A2FE2A27100147993 /* SwipeableTaskRow.swift in Sources */,
				688FF00B2FE2A27100147993 /* AppTheme.swift in Sources */,
				688FF00C2FE2A27100147993 /* Quadrant.swift in Sources */,
				688FF00D2FE2A27100147993 /* TodoItem.swift in Sources */,
				688FF00E2FE2A27100147993 /* Recurrence.swift in Sources */,
				688FF00F2FE2A27100147993 /* SettingsView.swift in Sources */,
				688FF0102FE2A27100147993 /* SortMode.swift in Sources */,
				688FF0112FE2A27100147993 /* RecurrencePickerView.swift in Sources */,
				688FF0122FE2A27100147993 /* TaskList.swift in Sources */,
				688FF0132FE2A27100147993 /* Strings.swift in Sources */,
				688FF0142FE2A27100147993 /* TimePickerView.swift in Sources */,
				688FF0152FE2A27100147993 /* RemindersSync.swift in Sources */,
				688FF0162FE2A27100147993 /* DateParser.swift in Sources */,
				688FF0172FE2A27100147993 /* QuadrantPickerView.swift in Sources */,
				688FF0182FE2A27100147993 /* VScroll.swift in Sources */,
				688FF0192FE2A27100147993 /* ReminderPickerView.swift in Sources */,
				688FF01A2FE2A27100147993 /* ThemedToggle.swift in Sources */,
				688FF01B2FE2A27100147993 /* CreateTaskView.swift in Sources */,
				688FF01C2FE2A27100147993 /* ConfettiView.swift in Sources */,
				688FF01D2FE2A27100147993 /* TaskRowView.swift in Sources */,
				688FF01E2FE2A27100147993 /* PriorityPickerView.swift in Sources */,
				688FF01F2FE2A27100147993 /* MatrixView.swift in Sources */,
				688FF0202FE2A27100147993 /* LabelPickerView.swift in Sources */,
				688FF0212FE2A27100147993 /* ReminderOffset.swift in Sources */,
				688FF0222FE2A27100147993 /* ContentView.swift in Sources */,
				688FF0232FE2A27100147993 /* Store.swift in Sources */,
				688FF0292FE2A27100147993 /* TipJar.swift in Sources */,
				688FF02B2FE2A27100147993 /* TipJarView.swift in Sources */,
				688FF02D2FE2A27100147993 /* ColorPalette.swift in Sources */,
				688FF02F2FE2A27100147993 /* IconPalette.swift in Sources */,
				688FF0312FE2A27100147993 /* ColorPickerGrid.swift in Sources */,
				688FF0332FE2A27100147993 /* IconPickerGrid.swift in Sources */,
				688FF0352FE2A27100147993 /* RowActionButton.swift in Sources */,
				688FF0372FE2A27100147993 /* ColorSwatchButton.swift in Sources */,
				688FF0392FE2A27100147993 /* PressableScaleStyle.swift in Sources */,
				688FF03B2FE2A27100147993 /* IconPickerButton.swift in Sources */,
				688FF03D2FE2A27100147993 /* HotkeyMapping.swift in Sources */,
			);
			runOnlyForDeploymentPostprocessing = 0;
		};
/* End PBXSourcesBuildPhase section */

/* Begin PBXVariantGroup section */
		688FEFFB2FE2A27100147993 /* Localizable.strings */ = {
			isa = PBXVariantGroup;
			children = (
				688FEFF92FE2A27100147993 /* en */,
				688FEFFA2FE2A27100147993 /* it */,
				AC0000000000000000000001 /* zh-Hans */,
			);
			name = Localizable.strings;
			sourceTree = "<group>";
		};
/* End PBXVariantGroup section */

/* Begin XCBuildConfiguration section */
		688FEFCB2FE2A24400147993 /* Debug */ = {
			isa = XCBuildConfiguration;
			buildSettings = {
				ALWAYS_SEARCH_USER_PATHS = NO;
				ASSETCATALOG_COMPILER_GENERATE_SWIFT_ASSET_SYMBOL_EXTENSIONS = YES;
				CLANG_ANALYZER_NONNULL = YES;
				CLANG_ANALYZER_NUMBER_OBJECT_CONVERSION = YES_AGGRESSIVE;
				CLANG_CXX_LANGUAGE_STANDARD = "gnu++20";
				CLANG_ENABLE_MODULES = YES;
				CLANG_ENABLE_OBJC_ARC = YES;
				CLANG_ENABLE_OBJC_WEAK = YES;
				CLANG_WARN_BLOCK_CAPTURE_AUTORELEASING = YES;
				CLANG_WARN_BOOL_CONVERSION = YES;
				CLANG_WARN_COMMA = YES;
				CLANG_WARN_CONSTANT_CONVERSION = YES;
				CLANG_WARN_DEPRECATED_OBJC_IMPLEMENTATIONS = YES;
				CLANG_WARN_DIRECT_OBJC_ISA_USAGE = YES_ERROR;
				CLANG_WARN_DOCUMENTATION_COMMENTS = YES;
				CLANG_WARN_EMPTY_BODY = YES;
				CLANG_WARN_ENUM_CONVERSION = YES;
				CLANG_WARN_INFINITE_RECURSION = YES;
				CLANG_WARN_INT_CONVERSION = YES;
				CLANG_WARN_NON_LITERAL_NULL_CONVERSION = YES;
				CLANG_WARN_OBJC_IMPLICIT_RETAIN_SELF = YES;
				CLANG_WARN_OBJC_LITERAL_CONVERSION = YES;
				CLANG_WARN_OBJC_ROOT_CLASS = YES_ERROR;
				CLANG_WARN_QUOTED_INCLUDE_IN_FRAMEWORK_HEADER = YES;
				CLANG_WARN_RANGE_LOOP_ANALYSIS = YES;
				CLANG_WARN_STRICT_PROTOTYPES = YES;
				CLANG_WARN_SUSPICIOUS_MOVE = YES;
				CLANG_WARN_UNGUARDED_AVAILABILITY = YES_AGGRESSIVE;
				CLANG_WARN_UNREACHABLE_CODE = YES;
				CLANG_WARN__DUPLICATE_METHOD_MATCH = YES;
				COPY_PHASE_STRIP = NO;
				DEBUG_INFORMATION_FORMAT = dwarf;
				DEVELOPMENT_TEAM = "";
				ENABLE_STRICT_OBJC_MSGSEND = YES;
				ENABLE_TESTABILITY = YES;
				ENABLE_USER_SCRIPT_SANDBOXING = YES;
				GCC_C_LANGUAGE_STANDARD = gnu17;
				GCC_DYNAMIC_NO_PIC = NO;
				GCC_NO_COMMON_BLOCKS = YES;
				GCC_OPTIMIZATION_LEVEL = 0;
				GCC_PREPROCESSOR_DEFINITIONS = (
					"DEBUG=1",
					"$(inherited)",
				);
				GCC_WARN_64_TO_32_BIT_CONVERSION = YES;
				GCC_WARN_ABOUT_RETURN_TYPE = YES_ERROR;
				GCC_WARN_UNDECLARED_SELECTOR = YES;
				GCC_WARN_UNINITIALIZED_AUTOS = YES_AGGRESSIVE;
				GCC_WARN_UNUSED_FUNCTION = YES;
				GCC_WARN_UNUSED_VARIABLE = YES;
				LOCALIZATION_PREFERS_STRING_CATALOGS = YES;
				MACOSX_DEPLOYMENT_TARGET = 14.0;
				MTL_ENABLE_DEBUG_INFO = INCLUDE_SOURCE;
				MTL_FAST_MATH = YES;
				ONLY_ACTIVE_ARCH = YES;
				SDKROOT = macosx;
				SWIFT_ACTIVE_COMPILATION_CONDITIONS = "DEBUG $(inherited)";
				SWIFT_OPTIMIZATION_LEVEL = "-Onone";
			};
			name = Debug;
		};
		688FEFCC2FE2A24400147993 /* Release */ = {
			isa = XCBuildConfiguration;
			buildSettings = {
				ALWAYS_SEARCH_USER_PATHS = NO;
				ASSETCATALOG_COMPILER_GENERATE_SWIFT_ASSET_SYMBOL_EXTENSIONS = YES;
				CLANG_ANALYZER_NONNULL = YES;
				CLANG_ANALYZER_NUMBER_OBJECT_CONVERSION = YES_AGGRESSIVE;
				CLANG_CXX_LANGUAGE_STANDARD = "gnu++20";
				CLANG_ENABLE_MODULES = YES;
				CLANG_ENABLE_OBJC_ARC = YES;
				CLANG_ENABLE_OBJC_WEAK = YES;
				CLANG_WARN_BLOCK_CAPTURE_AUTORELEASING = YES;
				CLANG_WARN_BOOL_CONVERSION = YES;
				CLANG_WARN_COMMA = YES;
				CLANG_WARN_CONSTANT_CONVERSION = YES;
				CLANG_WARN_DEPRECATED_OBJC_IMPLEMENTATIONS = YES;
				CLANG_WARN_DIRECT_OBJC_ISA_USAGE = YES_ERROR;
				CLANG_WARN_DOCUMENTATION_COMMENTS = YES;
				CLANG_WARN_EMPTY_BODY = YES;
				CLANG_WARN_ENUM_CONVERSION = YES;
				CLANG_WARN_INFINITE_RECURSION = YES;
				CLANG_WARN_INT_CONVERSION = YES;
				CLANG_WARN_NON_LITERAL_NULL_CONVERSION = YES;
				CLANG_WARN_OBJC_IMPLICIT_RETAIN_SELF = YES;
				CLANG_WARN_OBJC_LITERAL_CONVERSION = YES;
				CLANG_WARN_OBJC_ROOT_CLASS = YES_ERROR;
				CLANG_WARN_QUOTED_INCLUDE_IN_FRAMEWORK_HEADER = YES;
				CLANG_WARN_RANGE_LOOP_ANALYSIS = YES;
				CLANG_WARN_STRICT_PROTOTYPES = YES;
				CLANG_WARN_SUSPICIOUS_MOVE = YES;
				CLANG_WARN_UNGUARDED_AVAILABILITY = YES_AGGRESSIVE;
				CLANG_WARN_UNREACHABLE_CODE = YES;
				CLANG_WARN__DUPLICATE_METHOD_MATCH = YES;
				COPY_PHASE_STRIP = NO;
				DEBUG_INFORMATION_FORMAT = "dwarf-with-dsym";
				DEVELOPMENT_TEAM = "";
				ENABLE_NS_ASSERTIONS = NO;
				ENABLE_STRICT_OBJC_MSGSEND = YES;
				ENABLE_USER_SCRIPT_SANDBOXING = YES;
				GCC_C_LANGUAGE_STANDARD = gnu17;
				GCC_NO_COMMON_BLOCKS = YES;
				GCC_WARN_64_TO_32_BIT_CONVERSION = YES;
				GCC_WARN_ABOUT_RETURN_TYPE = YES_ERROR;
				GCC_WARN_UNDECLARED_SELECTOR = YES;
				GCC_WARN_UNINITIALIZED_AUTOS = YES_AGGRESSIVE;
				GCC_WARN_UNUSED_FUNCTION = YES;
				GCC_WARN_UNUSED_VARIABLE = YES;
				LOCALIZATION_PREFERS_STRING_CATALOGS = YES;
				MACOSX_DEPLOYMENT_TARGET = 14.0;
				MTL_ENABLE_DEBUG_INFO = NO;
				MTL_FAST_MATH = YES;
				SDKROOT = macosx;
				SWIFT_COMPILATION_MODE = wholemodule;
			};
			name = Release;
		};
		688FEFCE2FE2A24400147993 /* Debug */ = {
			isa = XCBuildConfiguration;
			buildSettings = {
				ASSETCATALOG_COMPILER_APPICON_NAME = PolarisAB;
				ASSETCATALOG_COMPILER_GLOBAL_ACCENT_COLOR_NAME = "";
				CODE_SIGN_ENTITLEMENTS = Docket/Docket.entitlements;
				CODE_SIGN_STYLE = Automatic;
				COMBINE_HIDPI_IMAGES = YES;
				CURRENT_PROJECT_VERSION = 23;
				DEVELOPMENT_TEAM = "";
				ENABLE_APP_SANDBOX = YES;
				ENABLE_HARDENED_RUNTIME = YES;
				ENABLE_PREVIEWS = YES;
				ENABLE_USER_SELECTED_FILES = readonly;
				GENERATE_INFOPLIST_FILE = YES;
				INFOPLIST_FILE = Docket/Info.plist;
				INFOPLIST_KEY_CFBundleIconFile = PolarisAB;
				INFOPLIST_KEY_CFBundleIconName = PolarisAB;
				INFOPLIST_KEY_LSApplicationCategoryType = "public.app-category.productivity";
				INFOPLIST_KEY_LSUIElement = YES;
				INFOPLIST_KEY_NSHumanReadableCopyright = "Copyright © 2026 @santoru. All rights reserved.";
				INFOPLIST_KEY_NSRemindersFullAccessUsageDescription = "Polaris 可将目标同步到 Apple 提醒事项，以便通过 iCloud、Siri 和 Apple Watch 查看。";
				INFOPLIST_KEY_NSRemindersUsageDescription = "Polaris 可将目标同步到 Apple 提醒事项，以便通过 iCloud、Siri 和 Apple Watch 查看。";
				LD_RUNPATH_SEARCH_PATHS = (
					"$(inherited)",
					"@executable_path/../Frameworks",
				);
				MACOSX_DEPLOYMENT_TARGET = 14.0;
				MARKETING_VERSION = 1.4.1;
				PRODUCT_BUNDLE_IDENTIFIER = com.bingowu.polaris;
				PRODUCT_NAME = Polaris;
				SWIFT_ACTIVE_COMPILATION_CONDITIONS = "$(inherited) DOCKET_SELFBUILD";
				INFOPLIST_KEY_CFBundleDisplayName = Polaris;
				REGISTER_APP_GROUPS = YES;
				STRING_CATALOG_GENERATE_SYMBOLS = YES;
				SWIFT_APPROACHABLE_CONCURRENCY = YES;
				SWIFT_DEFAULT_ACTOR_ISOLATION = MainActor;
				SWIFT_EMIT_LOC_STRINGS = YES;
				SWIFT_UPCOMING_FEATURE_MEMBER_IMPORT_VISIBILITY = YES;
				SWIFT_VERSION = 5.0;
			};
			name = Debug;
		};
		688FEFCF2FE2A24400147993 /* Release */ = {
			isa = XCBuildConfiguration;
			buildSettings = {
				ASSETCATALOG_COMPILER_APPICON_NAME = PolarisAB;
				ASSETCATALOG_COMPILER_GLOBAL_ACCENT_COLOR_NAME = "";
				CODE_SIGN_ENTITLEMENTS = Docket/Docket.entitlements;
				CODE_SIGN_STYLE = Automatic;
				COMBINE_HIDPI_IMAGES = YES;
				CURRENT_PROJECT_VERSION = 23;
				DEVELOPMENT_TEAM = "";
				ENABLE_APP_SANDBOX = YES;
				ENABLE_HARDENED_RUNTIME = YES;
				ENABLE_PREVIEWS = YES;
				ENABLE_USER_SELECTED_FILES = readonly;
				GENERATE_INFOPLIST_FILE = YES;
				INFOPLIST_FILE = Docket/Info.plist;
				INFOPLIST_KEY_CFBundleIconFile = PolarisAB;
				INFOPLIST_KEY_CFBundleIconName = PolarisAB;
				INFOPLIST_KEY_LSApplicationCategoryType = "public.app-category.productivity";
				INFOPLIST_KEY_LSUIElement = YES;
				INFOPLIST_KEY_NSHumanReadableCopyright = "Copyright © 2026 @santoru. All rights reserved.";
				INFOPLIST_KEY_NSRemindersFullAccessUsageDescription = "Polaris 可将目标同步到 Apple 提醒事项，以便通过 iCloud、Siri 和 Apple Watch 查看。";
				INFOPLIST_KEY_NSRemindersUsageDescription = "Polaris 可将目标同步到 Apple 提醒事项，以便通过 iCloud、Siri 和 Apple Watch 查看。";
				LD_RUNPATH_SEARCH_PATHS = (
					"$(inherited)",
					"@executable_path/../Frameworks",
				);
				MACOSX_DEPLOYMENT_TARGET = 14.0;
				MARKETING_VERSION = 1.4.1;
				PRODUCT_BUNDLE_IDENTIFIER = com.bingowu.polaris;
				PRODUCT_NAME = Polaris;
				SWIFT_ACTIVE_COMPILATION_CONDITIONS = "$(inherited) DOCKET_SELFBUILD";
				INFOPLIST_KEY_CFBundleDisplayName = Polaris;
				REGISTER_APP_GROUPS = YES;
				STRING_CATALOG_GENERATE_SYMBOLS = YES;
				SWIFT_APPROACHABLE_CONCURRENCY = YES;
				SWIFT_DEFAULT_ACTOR_ISOLATION = MainActor;
				SWIFT_EMIT_LOC_STRINGS = YES;
				SWIFT_UPCOMING_FEATURE_MEMBER_IMPORT_VISIBILITY = YES;
				SWIFT_VERSION = 5.0;
			};
			name = Release;
		};
/* End XCBuildConfiguration section */

/* Begin XCConfigurationList section */
		688FEFBD2FE2A24200147993 /* Build configuration list for PBXProject "Docket" */ = {
			isa = XCConfigurationList;
			buildConfigurations = (
				688FEFCB2FE2A24400147993 /* Debug */,
				688FEFCC2FE2A24400147993 /* Release */,
			);
			defaultConfigurationIsVisible = 0;
			defaultConfigurationName = Release;
		};
		688FEFCD2FE2A24400147993 /* Build configuration list for PBXNativeTarget "Docket" */ = {
			isa = XCConfigurationList;
			buildConfigurations = (
				688FEFCE2FE2A24400147993 /* Debug */,
				688FEFCF2FE2A24400147993 /* Release */,
			);
			defaultConfigurationIsVisible = 0;
			defaultConfigurationName = Release;
		};
/* End XCConfigurationList section */
	};
	rootObject = 688FEFBA2FE2A24200147993 /* Project object */;
}
